
Microsoft Visual Studio Solution File, Format Version 10.00
# Visual Studio 2008
Project("{8BC9CEB8-8B4A-11D0-8D11-00A0C91BC942}") = "demo", "demo\demo.vcproj", "{1B4F6422-A2D7-4688-8163-14220890CE81}"
	ProjectSection(ProjectDependencies) = postProject
		{EFEEC9CA-33FB-4949-97AB-0320F7075C15} = {EFEEC9CA-33FB-4949-97AB-0320F7075C15}
	EndProjectSection
EndProject
Project("{8BC9CEB8-8B4A-11D0-8D11-00A0C91BC942}") = "scrolldecorator", "scrolldecorator\scrolldecorator.vcproj", "{E0AC28FA-8459-43F1-92EC-444D503486FA}"
EndProject
Project("{8BC9CEB8-8B4A-11D0-8D11-00A0C91BC942}") = "scrolldecorator_test", "scrolldecorator_test\scrolldecorator_test.vcproj", "{7FFB5BC7-9E1C-438A-AD72-BE4D2249888E}"
	ProjectSection(ProjectDependencies) = postProject
		{E0AC28FA-8459-43F1-92EC-444D503486FA} = {E0AC28FA-8459-43F1-92EC-444D503486FA}
	EndProjectSection
EndProject
Project("{8BC9CEB8-8B4A-11D0-8D11-00A0C91BC942}") = "hmskin", "hmskin\hmskin.vcproj", "{EFEEC9CA-33FB-4949-97AB-0320F7075C15}"
EndProject
Global
	GlobalSection(SolutionConfigurationPlatforms) = preSolution
		Debug|Win32 = Debug|Win32
		Release|Win32 = Release|Win32
	EndGlobalSection
	GlobalSection(ProjectConfigurationPlatforms) = postSolution
		{1B4F6422-A2D7-4688-8163-14220890CE81}.Debug|Win32.ActiveCfg = Debug|Win32
		{1B4F6422-A2D7-4688-8163-14220890CE81}.Debug|Win32.Build.0 = Debug|Win32
		{1B4F6422-A2D7-4688-8163-14220890CE81}.Release|Win32.ActiveCfg = Release|Win32
		{1B4F6422-A2D7-4688-8163-14220890CE81}.Release|Win32.Build.0 = Release|Win32
		{E0AC28FA-8459-43F1-92EC-444D503486FA}.Debug|Win32.ActiveCfg = Debug|Win32
		{E0AC28FA-8459-43F1-92EC-444D503486FA}.Debug|Win32.Build.0 = Debug|Win32
		{E0AC28FA-8459-43F1-92EC-444D503486FA}.Release|Win32.ActiveCfg = Release|Win32
		{E0AC28FA-8459-43F1-92EC-444D503486FA}.Release|Win32.Build.0 = Release|Win32
		{7FFB5BC7-9E1C-438A-AD72-BE4D2249888E}.Debug|Win32.ActiveCfg = Debug|Win32
		{7FFB5BC7-9E1C-438A-AD72-BE4D2249888E}.Debug|Win32.Build.0 = Debug|Win32
		{7FFB5BC7-9E1C-438A-AD72-BE4D2249888E}.Release|Win32.ActiveCfg = Release|Win32
		{7FFB5BC7-9E1C-438A-AD72-BE4D2249888E}.Release|Win32.Build.0 = Release|Win32
		{EFEEC9CA-33FB-4949-97AB-0320F7075C15}.Debug|Win32.ActiveCfg = Debug|Win32
		{EFEEC9CA-33FB-4949-97AB-0320F7075C15}.Debug|Win32.Build.0 = Debug|Win32
		{EFEEC9CA-33FB-4949-97AB-0320F7075C15}.Release|Win32.ActiveCfg = Release|Win32
		{EFEEC9CA-33FB-4949-97AB-0320F7075C15}.Release|Win32.Build.0 = Release|Win32
	EndGlobalSection
	GlobalSection(SolutionProperties) = preSolution
		HideSolutionNode = FALSE
	EndGlobalSection
EndGlobal
